
Microsoft Visual Studio Solution File, Format Version 12.00
# Visual Studio 15
Project("{2150E333-8FDC-42A3-9474-1A3956D46DE8}") = "docs", "docs", "{5A409395-3E25-42DB-B5A0-8A7F912569DB}"
EndProject
Project("{2150E333-8FDC-42A3-9474-1A3956D46DE8}") = "src", "src", "{8CE3EB56-443C-488F-9CD0-7D309906E054}"
EndProject
Project("{2150E333-8FDC-42A3-9474-1A3956D46DE8}") = "1.Presentation", "1.Presentation", "{9D5E3AFF-3ED4-4477-A7E7-F2CD9A7F2320}"
EndProject
Project("{2150E333-8FDC-42A3-9474-1A3956D46DE8}") = "2.Application", "2.Application", "{69938E93-D470-4190-B655-689BBBA9EF6E}"
EndProject
Project("{2150E333-8FDC-42A3-9474-1A3956D46DE8}") = "3.Domain", "3.Domain", "{58397688-368E-415B-8FBA-1B81B524C530}"
EndProject
Project("{2150E333-8FDC-42A3-9474-1A3956D46DE8}") = "4.Infrastructure", "4.Infrastructure", "{CA3D5F9E-6750-4911-AE37-E8CFD7F00C51}"
EndProject
Project("{2150E333-8FDC-42A3-9474-1A3956D46DE8}") = "Api", "Api", "{86704559-D904-4D73-B265-6D7324D9C42E}"
EndProject
Project("{2150E333-8FDC-42A3-9474-1A3956D46DE8}") = "Launcher", "Launcher", "{109CECB5-E0F5-431B-93A5-5240972BCC57}"
EndProject
Project("{FAE04EC0-301F-11D3-BF4B-00C04F79EFBC}") = "iPeach.Domain.Core", "src\3.Domain\iPeach.Domain.Core\iPeach.Domain.Core.csproj", "{7E033722-DCF7-472E-9CC2-5E0A1B0D6C7F}"
EndProject
Project("{FAE04EC0-301F-11D3-BF4B-00C04F79EFBC}") = "iPeach.Domain", "src\3.Domain\iPeach.Domain\iPeach.Domain.csproj", "{571DF211-5FBE-49FB-96F7-06416EA8BE79}"
EndProject
Project("{FAE04EC0-301F-11D3-BF4B-00C04F79EFBC}") = "iPeach.Framework", "src\4.Infrastructure\iPeach.Framework\iPeach.Framework.csproj", "{FDD2CF3D-1A2C-4A4E-999E-08552CBEB630}"
EndProject
Project("{FAE04EC0-301F-11D3-BF4B-00C04F79EFBC}") = "iPeach.Common", "src\4.Infrastructure\iPeach.Common\iPeach.Common.csproj", "{7CA24C60-775E-4F02-96F1-8BFBE5DAE428}"
EndProject
Project("{2150E333-8FDC-42A3-9474-1A3956D46DE8}") = "Data", "Data", "{D7221A8C-050D-4F92-A141-02A9EC5DC81B}"
EndProject
Project("{FAE04EC0-301F-11D3-BF4B-00C04F79EFBC}") = "iPeach.Data.Models", "src\4.Infrastructure\Data\iPeach.Data.Models\iPeach.Data.Models.csproj", "{009EEBE6-7270-440D-A4A3-F1271FFE4CBA}"
EndProject
Project("{FAE04EC0-301F-11D3-BF4B-00C04F79EFBC}") = "iPeach.Data.EFCore", "src\4.Infrastructure\Data\iPeach.Data.EFCore\iPeach.Data.EFCore.csproj", "{32E8E6C0-EF79-4321-A570-3A528DAB651A}"
EndProject
Project("{FAE04EC0-301F-11D3-BF4B-00C04F79EFBC}") = "iPeach.Launcher.WeChatLite", "src\1.Presentation\Launcher\iPeach.Launcher.WeChatLite\iPeach.Launcher.WeChatLite.csproj", "{8EC9FFAC-4F6C-44CA-8519-8B2B1BE7AB65}"
EndProject
Project("{FAE04EC0-301F-11D3-BF4B-00C04F79EFBC}") = "iPeach.Api.Client", "src\1.Presentation\API\iPeach.Api.Client\iPeach.Api.Client.csproj", "{34188794-63AE-40FF-A5E4-536A411DB97C}"
EndProject
Project("{FAE04EC0-301F-11D3-BF4B-00C04F79EFBC}") = "iPeach.Sns.Base", "src\4.Infrastructure\iPeach.Sns.Base\iPeach.Sns.Base.csproj", "{1ED6CDC5-E7B9-47CC-9679-21A05AFA5C42}"
EndProject
Project("{FAE04EC0-301F-11D3-BF4B-00C04F79EFBC}") = "iPeach.Sns.WeChat", "src\4.Infrastructure\iPeach.Sns.WeChat\iPeach.Sns.WeChat.csproj", "{9D00427F-3509-4D06-918A-3AC741ED45AE}"
EndProject
Project("{FAE04EC0-301F-11D3-BF4B-00C04F79EFBC}") = "iPeach.Pay.Base", "src\4.Infrastructure\iPeach.Pay.Base\iPeach.Pay.Base.csproj", "{6DCE4E53-3857-4D63-8CD6-BC4B10270ED5}"
EndProject
Project("{FAE04EC0-301F-11D3-BF4B-00C04F79EFBC}") = "iPeach.Pay.WeChatPay", "src\4.Infrastructure\iPeach.Pay.WeChatPay\iPeach.Pay.WeChatPay.csproj", "{FB5D187F-2836-42C7-B723-A7BC657AFF84}"
EndProject
Global
	GlobalSection(SolutionConfigurationPlatforms) = preSolution
		Debug|Any CPU = Debug|Any CPU
		Release|Any CPU = Release|Any CPU
	EndGlobalSection
	GlobalSection(ProjectConfigurationPlatforms) = postSolution
		{7E033722-DCF7-472E-9CC2-5E0A1B0D6C7F}.Debug|Any CPU.ActiveCfg = Debug|Any CPU
		{7E033722-DCF7-472E-9CC2-5E0A1B0D6C7F}.Debug|Any CPU.Build.0 = Debug|Any CPU
		{7E033722-DCF7-472E-9CC2-5E0A1B0D6C7F}.Release|Any CPU.ActiveCfg = Release|Any CPU
		{7E033722-DCF7-472E-9CC2-5E0A1B0D6C7F}.Release|Any CPU.Build.0 = Release|Any CPU
		{571DF211-5FBE-49FB-96F7-06416EA8BE79}.Debug|Any CPU.ActiveCfg = Debug|Any CPU
		{571DF211-5FBE-49FB-96F7-06416EA8BE79}.Debug|Any CPU.Build.0 = Debug|Any CPU
		{571DF211-5FBE-49FB-96F7-06416EA8BE79}.Release|Any CPU.ActiveCfg = Release|Any CPU
		{571DF211-5FBE-49FB-96F7-06416EA8BE79}.Release|Any CPU.Build.0 = Release|Any CPU
		{FDD2CF3D-1A2C-4A4E-999E-08552CBEB630}.Debug|Any CPU.ActiveCfg = Debug|Any CPU
		{FDD2CF3D-1A2C-4A4E-999E-08552CBEB630}.Debug|Any CPU.Build.0 = Debug|Any CPU
		{FDD2CF3D-1A2C-4A4E-999E-08552CBEB630}.Release|Any CPU.ActiveCfg = Release|Any CPU
		{FDD2CF3D-1A2C-4A4E-999E-08552CBEB630}.Release|Any CPU.Build.0 = Release|Any CPU
		{7CA24C60-775E-4F02-96F1-8BFBE5DAE428}.Debug|Any CPU.ActiveCfg = Debug|Any CPU
		{7CA24C60-775E-4F02-96F1-8BFBE5DAE428}.Debug|Any CPU.Build.0 = Debug|Any CPU
		{7CA24C60-775E-4F02-96F1-8BFBE5DAE428}.Release|Any CPU.ActiveCfg = Release|Any CPU
		{7CA24C60-775E-4F02-96F1-8BFBE5DAE428}.Release|Any CPU.Build.0 = Release|Any CPU
		{009EEBE6-7270-440D-A4A3-F1271FFE4CBA}.Debug|Any CPU.ActiveCfg = Debug|Any CPU
		{009EEBE6-7270-440D-A4A3-F1271FFE4CBA}.Debug|Any CPU.Build.0 = Debug|Any CPU
		{009EEBE6-7270-440D-A4A3-F1271FFE4CBA}.Release|Any CPU.ActiveCfg = Release|Any CPU
		{009EEBE6-7270-440D-A4A3-F1271FFE4CBA}.Release|Any CPU.Build.0 = Release|Any CPU
		{32E8E6C0-EF79-4321-A570-3A528DAB651A}.Debug|Any CPU.ActiveCfg = Debug|Any CPU
		{32E8E6C0-EF79-4321-A570-3A528DAB651A}.Debug|Any CPU.Build.0 = Debug|Any CPU
		{32E8E6C0-EF79-4321-A570-3A528DAB651A}.Release|Any CPU.ActiveCfg = Release|Any CPU
		{32E8E6C0-EF79-4321-A570-3A528DAB651A}.Release|Any CPU.Build.0 = Release|Any CPU
		{8EC9FFAC-4F6C-44CA-8519-8B2B1BE7AB65}.Debug|Any CPU.ActiveCfg = Debug|Any CPU
		{8EC9FFAC-4F6C-44CA-8519-8B2B1BE7AB65}.Debug|Any CPU.Build.0 = Debug|Any CPU
		{8EC9FFAC-4F6C-44CA-8519-8B2B1BE7AB65}.Release|Any CPU.ActiveCfg = Release|Any CPU
		{8EC9FFAC-4F6C-44CA-8519-8B2B1BE7AB65}.Release|Any CPU.Build.0 = Release|Any CPU
		{34188794-63AE-40FF-A5E4-536A411DB97C}.Debug|Any CPU.ActiveCfg = Debug|Any CPU
		{34188794-63AE-40FF-A5E4-536A411DB97C}.Debug|Any CPU.Build.0 = Debug|Any CPU
		{34188794-63AE-40FF-A5E4-536A411DB97C}.Release|Any CPU.ActiveCfg = Release|Any CPU
		{34188794-63AE-40FF-A5E4-536A411DB97C}.Release|Any CPU.Build.0 = Release|Any CPU
		{1ED6CDC5-E7B9-47CC-9679-21A05AFA5C42}.Debug|Any CPU.ActiveCfg = Debug|Any CPU
		{1ED6CDC5-E7B9-47CC-9679-21A05AFA5C42}.Debug|Any CPU.Build.0 = Debug|Any CPU
		{1ED6CDC5-E7B9-47CC-9679-21A05AFA5C42}.Release|Any CPU.ActiveCfg = Release|Any CPU
		{1ED6CDC5-E7B9-47CC-9679-21A05AFA5C42}.Release|Any CPU.Build.0 = Release|Any CPU
		{9D00427F-3509-4D06-918A-3AC741ED45AE}.Debug|Any CPU.ActiveCfg = Debug|Any CPU
		{9D00427F-3509-4D06-918A-3AC741ED45AE}.Debug|Any CPU.Build.0 = Debug|Any CPU
		{9D00427F-3509-4D06-918A-3AC741ED45AE}.Release|Any CPU.ActiveCfg = Release|Any CPU
		{9D00427F-3509-4D06-918A-3AC741ED45AE}.Release|Any CPU.Build.0 = Release|Any CPU
		{6DCE4E53-3857-4D63-8CD6-BC4B10270ED5}.Debug|Any CPU.ActiveCfg = Debug|Any CPU
		{6DCE4E53-3857-4D63-8CD6-BC4B10270ED5}.Debug|Any CPU.Build.0 = Debug|Any CPU
		{6DCE4E53-3857-4D63-8CD6-BC4B10270ED5}.Release|Any CPU.ActiveCfg = Release|Any CPU
		{6DCE4E53-3857-4D63-8CD6-BC4B10270ED5}.Release|Any CPU.Build.0 = Release|Any CPU
		{FB5D187F-2836-42C7-B723-A7BC657AFF84}.Debug|Any CPU.ActiveCfg = Debug|Any CPU
		{FB5D187F-2836-42C7-B723-A7BC657AFF84}.Debug|Any CPU.Build.0 = Debug|Any CPU
		{FB5D187F-2836-42C7-B723-A7BC657AFF84}.Release|Any CPU.ActiveCfg = Release|Any CPU
		{FB5D187F-2836-42C7-B723-A7BC657AFF84}.Release|Any CPU.Build.0 = Release|Any CPU
	EndGlobalSection
	GlobalSection(NestedProjects) = preSolution
		{9D5E3AFF-3ED4-4477-A7E7-F2CD9A7F2320} = {8CE3EB56-443C-488F-9CD0-7D309906E054}
		{69938E93-D470-4190-B655-689BBBA9EF6E} = {8CE3EB56-443C-488F-9CD0-7D309906E054}
		{58397688-368E-415B-8FBA-1B81B524C530} = {8CE3EB56-443C-488F-9CD0-7D309906E054}
		{CA3D5F9E-6750-4911-AE37-E8CFD7F00C51} = {8CE3EB56-443C-488F-9CD0-7D309906E054}
		{86704559-D904-4D73-B265-6D7324D9C42E} = {9D5E3AFF-3ED4-4477-A7E7-F2CD9A7F2320}
		{109CECB5-E0F5-431B-93A5-5240972BCC57} = {9D5E3AFF-3ED4-4477-A7E7-F2CD9A7F2320}
		{7E033722-DCF7-472E-9CC2-5E0A1B0D6C7F} = {58397688-368E-415B-8FBA-1B81B524C530}
		{571DF211-5FBE-49FB-96F7-06416EA8BE79} = {58397688-368E-415B-8FBA-1B81B524C530}
		{FDD2CF3D-1A2C-4A4E-999E-08552CBEB630} = {CA3D5F9E-6750-4911-AE37-E8CFD7F00C51}
		{7CA24C60-775E-4F02-96F1-8BFBE5DAE428} = {CA3D5F9E-6750-4911-AE37-E8CFD7F00C51}
		{D7221A8C-050D-4F92-A141-02A9EC5DC81B} = {CA3D5F9E-6750-4911-AE37-E8CFD7F00C51}
		{009EEBE6-7270-440D-A4A3-F1271FFE4CBA} = {D7221A8C-050D-4F92-A141-02A9EC5DC81B}
		{32E8E6C0-EF79-4321-A570-3A528DAB651A} = {D7221A8C-050D-4F92-A141-02A9EC5DC81B}
		{8EC9FFAC-4F6C-44CA-8519-8B2B1BE7AB65} = {109CECB5-E0F5-431B-93A5-5240972BCC57}
		{34188794-63AE-40FF-A5E4-536A411DB97C} = {86704559-D904-4D73-B265-6D7324D9C42E}
		{1ED6CDC5-E7B9-47CC-9679-21A05AFA5C42} = {CA3D5F9E-6750-4911-AE37-E8CFD7F00C51}
		{9D00427F-3509-4D06-918A-3AC741ED45AE} = {CA3D5F9E-6750-4911-AE37-E8CFD7F00C51}
		{6DCE4E53-3857-4D63-8CD6-BC4B10270ED5} = {CA3D5F9E-6750-4911-AE37-E8CFD7F00C51}
		{FB5D187F-2836-42C7-B723-A7BC657AFF84} = {CA3D5F9E-6750-4911-AE37-E8CFD7F00C51}
	EndGlobalSection
EndGlobal
