
Microsoft Visual Studio Solution File, Format Version 12.00
# Visual Studio 15
Project("{2150E333-8FDC-42A3-9474-1A3956D46DE8}") = "docs", "docs", "{5A409395-3E25-42DB-B5A0-8A7F912569DB}"
EndProject
Project("{2150E333-8FDC-42A3-9474-1A3956D46DE8}") = "src", "src", "{8CE3EB56-443C-488F-9CD0-7D309906E054}"
EndProject
Project("{2150E333-8FDC-42A3-9474-1A3956D46DE8}") = "1.Presentation", "1.Presentation", "{9D5E3AFF-3ED4-4477-A7E7-F2CD9A7F2320}"
EndProject
Project("{2150E333-8FDC-42A3-9474-1A3956D46DE8}") = "2.Application", "2.Application", "{69938E93-D470-4190-B655-689BBBA9EF6E}"
EndProject
Project("{2150E333-8FDC-42A3-9474-1A3956D46DE8}") = "3.Domain", "3.Domain", "{58397688-368E-415B-8FBA-1B81B524C530}"
EndProject
Project("{2150E333-8FDC-42A3-9474-1A3956D46DE8}") = "4.Infrastructure", "4.Infrastructure", "{CA3D5F9E-6750-4911-AE37-E8CFD7F00C51}"
EndProject
Project("{2150E333-8FDC-42A3-9474-1A3956D46DE8}") = "API", "API", "{86704559-D904-4D73-B265-6D7324D9C42E}"
EndProject
Project("{2150E333-8FDC-42A3-9474-1A3956D46DE8}") = "Launcher", "Launcher", "{109CECB5-E0F5-431B-93A5-5240972BCC57}"
EndProject
Project("{FAE04EC0-301F-11D3-BF4B-00C04F79EFBC}") = "iMaxSys.iPeach.Laucher.LifeTree", "src\1.Presentation\Launcher\iMaxSys.iPeach.Laucher.LifeTree\iMaxSys.iPeach.Laucher.LifeTree.csproj", "{0AF7696C-A5D3-49C0-A51F-3321E02E5698}"
EndProject
Project("{FAE04EC0-301F-11D3-BF4B-00C04F79EFBC}") = "iMaxSys.iPeach.API.LifeTree", "src\1.Presentation\API\iMaxSys.iPeach.API.LifeTree\iMaxSys.iPeach.API.LifeTree.csproj", "{6B194A75-121E-4F89-8AF2-D4FC2A78C17B}"
EndProject
Global
	GlobalSection(SolutionConfigurationPlatforms) = preSolution
		Debug|Any CPU = Debug|Any CPU
		Release|Any CPU = Release|Any CPU
	EndGlobalSection
	GlobalSection(ProjectConfigurationPlatforms) = postSolution
		{0AF7696C-A5D3-49C0-A51F-3321E02E5698}.Debug|Any CPU.ActiveCfg = Debug|Any CPU
		{0AF7696C-A5D3-49C0-A51F-3321E02E5698}.Debug|Any CPU.Build.0 = Debug|Any CPU
		{0AF7696C-A5D3-49C0-A51F-3321E02E5698}.Release|Any CPU.ActiveCfg = Release|Any CPU
		{0AF7696C-A5D3-49C0-A51F-3321E02E5698}.Release|Any CPU.Build.0 = Release|Any CPU
		{6B194A75-121E-4F89-8AF2-D4FC2A78C17B}.Debug|Any CPU.ActiveCfg = Debug|Any CPU
		{6B194A75-121E-4F89-8AF2-D4FC2A78C17B}.Debug|Any CPU.Build.0 = Debug|Any CPU
		{6B194A75-121E-4F89-8AF2-D4FC2A78C17B}.Release|Any CPU.ActiveCfg = Release|Any CPU
		{6B194A75-121E-4F89-8AF2-D4FC2A78C17B}.Release|Any CPU.Build.0 = Release|Any CPU
	EndGlobalSection
	GlobalSection(NestedProjects) = preSolution
		{9D5E3AFF-3ED4-4477-A7E7-F2CD9A7F2320} = {8CE3EB56-443C-488F-9CD0-7D309906E054}
		{69938E93-D470-4190-B655-689BBBA9EF6E} = {8CE3EB56-443C-488F-9CD0-7D309906E054}
		{58397688-368E-415B-8FBA-1B81B524C530} = {8CE3EB56-443C-488F-9CD0-7D309906E054}
		{CA3D5F9E-6750-4911-AE37-E8CFD7F00C51} = {8CE3EB56-443C-488F-9CD0-7D309906E054}
		{86704559-D904-4D73-B265-6D7324D9C42E} = {9D5E3AFF-3ED4-4477-A7E7-F2CD9A7F2320}
		{109CECB5-E0F5-431B-93A5-5240972BCC57} = {9D5E3AFF-3ED4-4477-A7E7-F2CD9A7F2320}
		{0AF7696C-A5D3-49C0-A51F-3321E02E5698} = {109CECB5-E0F5-431B-93A5-5240972BCC57}
		{6B194A75-121E-4F89-8AF2-D4FC2A78C17B} = {86704559-D904-4D73-B265-6D7324D9C42E}
	EndGlobalSection
EndGlobal
